
Microsoft Visual Studio Solution File, Format Version 12.00
# Visual Studio 15
VisualStudioVersion = 15.0.27130.2027
MinimumVisualStudioVersion = 10.0.40219.1
Project("{FAE04EC0-301F-11D3-BF4B-00C04F79EFBC}") = "Alg_work_1", "Alg_work_1\Alg_work_1.csproj", "{3176139A-CFDF-4A3B-996C-D01D78F7566A}"
EndProject
Global
	GlobalSection(SolutionConfigurationPlatforms) = preSolution
		Debug|Any CPU = Debug|Any CPU
		Release|Any CPU = Release|Any CPU
	EndGlobalSection
	GlobalSection(ProjectConfigurationPlatforms) = postSolution
		{3176139A-CFDF-4A3B-996C-D01D78F7566A}.Debug|Any CPU.ActiveCfg = Debug|Any CPU
		{3176139A-CFDF-4A3B-996C-D01D78F7566A}.Debug|Any CPU.Build.0 = Debug|Any CPU
		{3176139A-CFDF-4A3B-996C-D01D78F7566A}.Release|Any CPU.ActiveCfg = Release|Any CPU
		{3176139A-CFDF-4A3B-996C-D01D78F7566A}.Release|Any CPU.Build.0 = Release|Any CPU
	EndGlobalSection
	GlobalSection(SolutionProperties) = preSolution
		HideSolutionNode = FALSE
	EndGlobalSection
	GlobalSection(ExtensibilityGlobals) = postSolution
		SolutionGuid = {C7347CF9-BA2B-4827-AFFF-DD062D36CB6B}
	EndGlobalSection
EndGlobal
